
Microsoft Visual Studio Solution File, Format Version 12.00
# Visual Studio Version 16
VisualStudioVersion = 16.0.30717.126
MinimumVisualStudioVersion = 10.0.40219.1
Project("{FAE04EC0-301F-11D3-BF4B-00C04F79EFBC}") = "Binding2-Superheroes-Triggers", "Binding2-Superheroes\Binding2-Superheroes-Triggers.csproj", "{3447E3A0-5780-4F6B-81E4-5684D412BAF0}"
EndProject
Global
	GlobalSection(SolutionConfigurationPlatforms) = preSolution
		Debug|Any CPU = Debug|Any CPU
		Release|Any CPU = Release|Any CPU
	EndGlobalSection
	GlobalSection(ProjectConfigurationPlatforms) = postSolution
		{3447E3A0-5780-4F6B-81E4-5684D412BAF0}.Debug|Any CPU.ActiveCfg = Debug|Any CPU
		{3447E3A0-5780-4F6B-81E4-5684D412BAF0}.Debug|Any CPU.Build.0 = Debug|Any CPU
		{3447E3A0-5780-4F6B-81E4-5684D412BAF0}.Release|Any CPU.ActiveCfg = Release|Any CPU
		{3447E3A0-5780-4F6B-81E4-5684D412BAF0}.Release|Any CPU.Build.0 = Release|Any CPU
	EndGlobalSection
	GlobalSection(SolutionProperties) = preSolution
		HideSolutionNode = FALSE
	EndGlobalSection
	GlobalSection(ExtensibilityGlobals) = postSolution
		SolutionGuid = {67068291-E7D8-4925-8B48-916F508FB626}
	EndGlobalSection
EndGlobal
